
Microsoft Visual Studio Solution File, Format Version 12.00
# Visual Studio 15
Project("{FAE04EC0-301F-11D3-BF4B-00C04F79EFBC}") = "Assembly-CSharp", "Assembly-CSharp.csproj", "{C138F391-6BC4-71BA-4933-CDD2CC96A306}"
EndProject
Project("{FAE04EC0-301F-11D3-BF4B-00C04F79EFBC}") = "Assembly-CSharp-Editor", "Assembly-CSharp-Editor.csproj", "{D09A442E-F872-7B1B-316B-A08BD9D4DD1A}"
EndProject
Global
	GlobalSection(SolutionConfigurationPlatforms) = preSolution
		Debug|Any CPU = Debug|Any CPU
		Release|Any CPU = Release|Any CPU
	EndGlobalSection
	GlobalSection(ProjectConfigurationPlatforms) = postSolution
		{C138F391-6BC4-71BA-4933-CDD2CC96A306}.Debug|Any CPU.ActiveCfg = Debug|Any CPU
		{C138F391-6BC4-71BA-4933-CDD2CC96A306}.Debug|Any CPU.Build.0 = Debug|Any CPU
		{C138F391-6BC4-71BA-4933-CDD2CC96A306}.Release|Any CPU.ActiveCfg = Release|Any CPU
		{C138F391-6BC4-71BA-4933-CDD2CC96A306}.Release|Any CPU.Build.0 = Release|Any CPU
		{D09A442E-F872-7B1B-316B-A08BD9D4DD1A}.Debug|Any CPU.ActiveCfg = Debug|Any CPU
		{D09A442E-F872-7B1B-316B-A08BD9D4DD1A}.Debug|Any CPU.Build.0 = Debug|Any CPU
		{D09A442E-F872-7B1B-316B-A08BD9D4DD1A}.Release|Any CPU.ActiveCfg = Release|Any CPU
		{D09A442E-F872-7B1B-316B-A08BD9D4DD1A}.Release|Any CPU.Build.0 = Release|Any CPU
	EndGlobalSection
	GlobalSection(SolutionProperties) = preSolution
		HideSolutionNode = FALSE
	EndGlobalSection
EndGlobal
